
Microsoft Visual Studio Solution File, Format Version 12.00
# Visual Studio Version 17
VisualStudioVersion = 17.11.35208.52
MinimumVisualStudioVersion = 10.0.40219.1
Project("{FAE04EC0-301F-11D3-BF4B-00C04F79EFBC}") = "api2", "api2\api2.csproj", "{664B5D22-832E-4FCA-B5D4-C59B2A35351A}"
EndProject
Global
	GlobalSection(SolutionConfigurationPlatforms) = preSolution
		Debug|Any CPU = Debug|Any CPU
		Release|Any CPU = Release|Any CPU
	EndGlobalSection
	GlobalSection(ProjectConfigurationPlatforms) = postSolution
		{664B5D22-832E-4FCA-B5D4-C59B2A35351A}.Debug|Any CPU.ActiveCfg = Debug|Any CPU
		{664B5D22-832E-4FCA-B5D4-C59B2A35351A}.Debug|Any CPU.Build.0 = Debug|Any CPU
		{664B5D22-832E-4FCA-B5D4-C59B2A35351A}.Release|Any CPU.ActiveCfg = Release|Any CPU
		{664B5D22-832E-4FCA-B5D4-C59B2A35351A}.Release|Any CPU.Build.0 = Release|Any CPU
	EndGlobalSection
	GlobalSection(SolutionProperties) = preSolution
		HideSolutionNode = FALSE
	EndGlobalSection
	GlobalSection(ExtensibilityGlobals) = postSolution
		SolutionGuid = {4204A138-A80F-4765-A113-21970A55081B}
	EndGlobalSection
EndGlobal
